{
	"name": "@lumieducation/h5p-webcomponents",
	"version": "7.1.0",
	"lockfileVersion": 1,
	"requires": true,
	"dependencies": {
		"@types/resize-observer-browser": {
			"version": "0.1.5",
			"resolved": "https://registry.npmjs.org/@types/resize-observer-browser/-/resize-observer-browser-0.1.5.tgz",
			"integrity": "sha512-8k/67Z95Goa6Lznuykxkfhq9YU3l1Qe6LNZmwde1u7802a3x8v44oq0j91DICclxatTr0rNnhXx7+VTIetSrSQ==",
			"dev": true
		},
		"await-lock": {
			"version": "2.1.0",
			"resolved": "https://registry.npmjs.org/await-lock/-/await-lock-2.1.0.tgz",
			"integrity": "sha512-t7Zm5YGgEEc/3eYAicF32m/TNvL+XOeYZy9CvBUeJY/szM7frLolFylhrlZNWV/ohWhcUXygrBGjYmoQdxF4CQ=="
		}
	}
}
