{
    "name": "@lumieducation/h5p-webcomponents",
    "version": "9.3.3",
    "lockfileVersion": 3,
    "requires": true,
    "packages": {
        "": {
            "name": "@lumieducation/h5p-webcomponents",
            "version": "9.3.3",
            "license": "GPL-3.0-or-later",
            "dependencies": {
                "await-lock": "^2.2.2",
                "deepmerge": "^4.3.1"
            },
            "devDependencies": {
                "@types/resize-observer-browser": "0.1.7"
            }
        },
        "node_modules/@types/resize-observer-browser": {
            "version": "0.1.7",
            "resolved": "https://registry.npmjs.org/@types/resize-observer-browser/-/resize-observer-browser-0.1.7.tgz",
            "integrity": "sha512-G9eN0Sn0ii9PWQ3Vl72jDPgeJwRWhv2Qk/nQkJuWmRmOB4HX3/BhD5SE1dZs/hzPZL/WKnvF0RHdTSG54QJFyg==",
            "dev": true
        },
        "node_modules/await-lock": {
            "version": "2.2.2",
            "resolved": "https://registry.npmjs.org/await-lock/-/await-lock-2.2.2.tgz",
            "integrity": "sha512-aDczADvlvTGajTDjcjpJMqRkOF6Qdz3YbPZm/PyW6tKPkx2hlYBzxMhEywM/tU72HrVZjgl5VCdRuMlA7pZ8Gw=="
        },
        "node_modules/deepmerge": {
            "version": "4.3.1",
            "resolved": "https://registry.npmjs.org/deepmerge/-/deepmerge-4.3.1.tgz",
            "integrity": "sha512-3sUqbMEc77XqpdNO7FRyRog+eW3ph+GYCbj+rK+uYyRMuwsVy0rMiVtPn+QJlKFvWP/1PYpapqYn0Me2knFn+A==",
            "engines": {
                "node": ">=0.10.0"
            }
        }
    }
}
