{
    "name": "@lumieducation/h5p-webcomponents",
    "version": "9.3.2",
    "lockfileVersion": 3,
    "requires": true,
    "packages": {
        "": {
            "name": "@lumieducation/h5p-webcomponents",
            "version": "9.3.2",
            "license": "GPL-3.0-or-later",
            "dependencies": {
                "await-lock": "^2.2.2",
                "deepmerge": "^4.3.1"
            },
            "devDependencies": {
                "@types/resize-observer-browser": "0.1.11"
            }
        },
        "node_modules/@types/resize-observer-browser": {
            "version": "0.1.11",
            "resolved": "https://registry.npmjs.org/@types/resize-observer-browser/-/resize-observer-browser-0.1.11.tgz",
            "integrity": "sha512-cNw5iH8JkMkb3QkCoe7DaZiawbDQEUX8t7iuQaRTyLOyQCR2h+ibBD4GJt7p5yhUHrlOeL7ZtbxNHeipqNsBzQ==",
            "dev": true,
            "license": "MIT"
        },
        "node_modules/await-lock": {
            "version": "2.2.2",
            "resolved": "https://registry.npmjs.org/await-lock/-/await-lock-2.2.2.tgz",
            "integrity": "sha512-aDczADvlvTGajTDjcjpJMqRkOF6Qdz3YbPZm/PyW6tKPkx2hlYBzxMhEywM/tU72HrVZjgl5VCdRuMlA7pZ8Gw==",
            "license": "MIT"
        },
        "node_modules/deepmerge": {
            "version": "4.3.1",
            "resolved": "https://registry.npmjs.org/deepmerge/-/deepmerge-4.3.1.tgz",
            "integrity": "sha512-3sUqbMEc77XqpdNO7FRyRog+eW3ph+GYCbj+rK+uYyRMuwsVy0rMiVtPn+QJlKFvWP/1PYpapqYn0Me2knFn+A==",
            "license": "MIT",
            "engines": {
                "node": ">=0.10.0"
            }
        }
    }
}
