{
    "name": "@lumieducation/h5p-shared-state-server",
    "version": "9.3.3",
    "lockfileVersion": 3,
    "requires": true,
    "packages": {
        "": {
            "name": "@lumieducation/h5p-shared-state-server",
            "version": "9.3.3",
            "license": "GPL-3.0",
            "dependencies": {
                "@teamwork/websocket-json-stream": "^2.0.0",
                "ajv": "^8.12.0",
                "debug": "^4.3.4",
                "jsonpath-plus": "^7.2.0",
                "sharedb": "^3.3.1",
                "ws": "^8.13.0"
            },
            "devDependencies": {
                "@types/sharedb": "3.3.2",
                "@types/ws": "8.5.5"
            }
        },
        "node_modules/@teamwork/websocket-json-stream": {
            "version": "2.0.0",
            "resolved": "https://registry.npmjs.org/@teamwork/websocket-json-stream/-/websocket-json-stream-2.0.0.tgz",
            "integrity": "sha512-SCEM44hjNyxYwrtyJrjlHmeTd9RJlZr04BAMbHSBhdW0M2IXv0SC+4XeuRXPiY7U7pJ0W8TSUwVP/28MV/ds0w=="
        },
        "node_modules/@types/node": {
            "version": "20.6.2",
            "resolved": "https://registry.npmjs.org/@types/node/-/node-20.6.2.tgz",
            "integrity": "sha512-Y+/1vGBHV/cYk6OI1Na/LHzwnlNCAfU3ZNGrc1LdRe/LAIbdDPTTv/HU3M7yXN448aTVDq3eKRm2cg7iKLb8gw==",
            "dev": true
        },
        "node_modules/@types/sharedb": {
            "version": "3.3.2",
            "resolved": "https://registry.npmjs.org/@types/sharedb/-/sharedb-3.3.2.tgz",
            "integrity": "sha512-8f3YowamLSd0EssV/S+HLdARwXwTksDLvWSdUOWXUvbt9GiV72vo+yiZXrJUBHyVnmccUK0ee7q65GsC5oPUFg==",
            "dev": true
        },
        "node_modules/@types/ws": {
            "version": "8.5.5",
            "resolved": "https://registry.npmjs.org/@types/ws/-/ws-8.5.5.tgz",
            "integrity": "sha512-lwhs8hktwxSjf9UaZ9tG5M03PGogvFaH8gUgLNbN9HKIg0dvv6q+gkSuJ8HN4/VbyxkuLzCjlN7GquQ0gUJfIg==",
            "dev": true,
            "dependencies": {
                "@types/node": "*"
            }
        },
        "node_modules/ajv": {
            "version": "8.12.0",
            "resolved": "https://registry.npmjs.org/ajv/-/ajv-8.12.0.tgz",
            "integrity": "sha512-sRu1kpcO9yLtYxBKvqfTeh9KzZEwO3STyX1HT+4CaDzC6HpTGYhIhPIzj9XuKU7KYDwnaeh5hcOwjy1QuJzBPA==",
            "dependencies": {
                "fast-deep-equal": "^3.1.1",
                "json-schema-traverse": "^1.0.0",
                "require-from-string": "^2.0.2",
                "uri-js": "^4.2.2"
            },
            "funding": {
                "type": "github",
                "url": "https://github.com/sponsors/epoberezkin"
            }
        },
        "node_modules/arraydiff": {
            "version": "0.1.3",
            "resolved": "https://registry.npmjs.org/arraydiff/-/arraydiff-0.1.3.tgz",
            "integrity": "sha512-t0OgO06uolEcMUvV8+yHc9Pc9pazh8wi/Dtyok/sQwvcr8iFV+P86IfAzK7upUDhI4oavhVREMY7iSWtm38LeA=="
        },
        "node_modules/async": {
            "version": "2.6.4",
            "resolved": "https://registry.npmjs.org/async/-/async-2.6.4.tgz",
            "integrity": "sha512-mzo5dfJYwAn29PeiJ0zvwTo04zj8HDJj0Mn8TD7sno7q12prdbnasKJHhkm2c1LgrhlJ0teaea8860oxi51mGA==",
            "dependencies": {
                "lodash": "^4.17.14"
            }
        },
        "node_modules/debug": {
            "version": "4.3.4",
            "resolved": "https://registry.npmjs.org/debug/-/debug-4.3.4.tgz",
            "integrity": "sha512-PRWFHuSU3eDtQJPvnNY7Jcket1j0t5OuOsFzPPzsekD52Zl8qUfFIPEiswXqIvHWGVHOgX+7G/vCNNhehwxfkQ==",
            "dependencies": {
                "ms": "2.1.2"
            },
            "engines": {
                "node": ">=6.0"
            },
            "peerDependenciesMeta": {
                "supports-color": {
                    "optional": true
                }
            }
        },
        "node_modules/fast-deep-equal": {
            "version": "3.1.3",
            "resolved": "https://registry.npmjs.org/fast-deep-equal/-/fast-deep-equal-3.1.3.tgz",
            "integrity": "sha512-f3qQ9oQy9j2AhBe/H9VC91wLmKBCCU/gDOnKNAYG5hswO7BLKj09Hc5HYNz9cGI++xlpDCIgDaitVs03ATR84Q=="
        },
        "node_modules/hat": {
            "version": "0.0.3",
            "resolved": "https://registry.npmjs.org/hat/-/hat-0.0.3.tgz",
            "integrity": "sha512-zpImx2GoKXy42fVDSEad2BPKuSQdLcqsCYa48K3zHSzM/ugWuYjLDr8IXxpVuL7uCLHw56eaiLxCRthhOzf5ug==",
            "engines": {
                "node": "*"
            }
        },
        "node_modules/json-schema-traverse": {
            "version": "1.0.0",
            "resolved": "https://registry.npmjs.org/json-schema-traverse/-/json-schema-traverse-1.0.0.tgz",
            "integrity": "sha512-NM8/P9n3XjXhIZn1lLhkFaACTOURQXjWhV4BA/RnOv8xvgqtqpAX9IO4mRQxSx1Rlo4tqzeqb0sOlruaOy3dug=="
        },
        "node_modules/jsonpath-plus": {
            "version": "7.2.0",
            "resolved": "https://registry.npmjs.org/jsonpath-plus/-/jsonpath-plus-7.2.0.tgz",
            "integrity": "sha512-zBfiUPM5nD0YZSBT/o/fbCUlCcepMIdP0CJZxM1+KgA4f2T206f6VAg9e7mX35+KlMaIc5qXW34f3BnwJ3w+RA==",
            "engines": {
                "node": ">=12.0.0"
            }
        },
        "node_modules/lodash": {
            "version": "4.17.21",
            "resolved": "https://registry.npmjs.org/lodash/-/lodash-4.17.21.tgz",
            "integrity": "sha512-v2kDEe57lecTulaDIuNTPy3Ry4gLGJ6Z1O3vE1krgXZNrsQ+LFTGHVxVjcXPs17LhbZVGedAJv8XZ1tvj5FvSg=="
        },
        "node_modules/ms": {
            "version": "2.1.2",
            "resolved": "https://registry.npmjs.org/ms/-/ms-2.1.2.tgz",
            "integrity": "sha512-sGkPx+VjMtmA6MX27oA4FBFELFCZZ4S4XqeGOXCv68tT+jb3vk/RyaKWP0PTKyWtmLSM0b+adUTEvbs1PEaH2w=="
        },
        "node_modules/ot-json0": {
            "version": "1.1.0",
            "resolved": "https://registry.npmjs.org/ot-json0/-/ot-json0-1.1.0.tgz",
            "integrity": "sha512-wf5fci7GGpMYRDnbbdIFQymvhsbFACMHtxjivQo5KgvAHlxekyfJ9aPsRr6YfFQthQkk4bmsl5yESrZwC/oMYQ=="
        },
        "node_modules/punycode": {
            "version": "2.3.0",
            "resolved": "https://registry.npmjs.org/punycode/-/punycode-2.3.0.tgz",
            "integrity": "sha512-rRV+zQD8tVFys26lAGR9WUuS4iUAngJScM+ZRSKtvl5tKeZ2t5bvdNFdNHBW9FWR4guGHlgmsZ1G7BSm2wTbuA==",
            "engines": {
                "node": ">=6"
            }
        },
        "node_modules/require-from-string": {
            "version": "2.0.2",
            "resolved": "https://registry.npmjs.org/require-from-string/-/require-from-string-2.0.2.tgz",
            "integrity": "sha512-Xf0nWe6RseziFMu+Ap9biiUbmplq6S9/p+7w7YXP/JBHhrUDDUhwa+vANyubuqfZWTveU//DYVGsDG7RKL/vEw==",
            "engines": {
                "node": ">=0.10.0"
            }
        },
        "node_modules/sharedb": {
            "version": "3.3.2",
            "resolved": "https://registry.npmjs.org/sharedb/-/sharedb-3.3.2.tgz",
            "integrity": "sha512-ZEjuPPeIXjpDmED+ByXCdLmPQRnkFFIMxvSKzLOlHxbCesL3h55BGdruP2ZmMCo+btLf/DJRkg7X4NaxM17mzw==",
            "dependencies": {
                "arraydiff": "^0.1.1",
                "async": "^2.6.3",
                "fast-deep-equal": "^2.0.1",
                "hat": "0.0.3",
                "ot-json0": "^1.0.1"
            }
        },
        "node_modules/sharedb/node_modules/fast-deep-equal": {
            "version": "2.0.1",
            "resolved": "https://registry.npmjs.org/fast-deep-equal/-/fast-deep-equal-2.0.1.tgz",
            "integrity": "sha512-bCK/2Z4zLidyB4ReuIsvALH6w31YfAQDmXMqMx6FyfHqvBxtjC0eRumeSu4Bs3XtXwpyIywtSTrVT99BxY1f9w=="
        },
        "node_modules/uri-js": {
            "version": "4.4.1",
            "resolved": "https://registry.npmjs.org/uri-js/-/uri-js-4.4.1.tgz",
            "integrity": "sha512-7rKUyy33Q1yc98pQ1DAmLtwX109F7TIfWlW1Ydo8Wl1ii1SeHieeh0HHfPeL2fMXK6z0s8ecKs9frCuLJvndBg==",
            "dependencies": {
                "punycode": "^2.1.0"
            }
        },
        "node_modules/ws": {
            "version": "8.14.2",
            "resolved": "https://registry.npmjs.org/ws/-/ws-8.14.2.tgz",
            "integrity": "sha512-wEBG1ftX4jcglPxgFCMJmZ2PLtSbJ2Peg6TmpJFTbe9GZYOQCDPdMYu/Tm0/bGZkw8paZnJY45J4K2PZrLYq8g==",
            "engines": {
                "node": ">=10.0.0"
            },
            "peerDependencies": {
                "bufferutil": "^4.0.1",
                "utf-8-validate": ">=5.0.2"
            },
            "peerDependenciesMeta": {
                "bufferutil": {
                    "optional": true
                },
                "utf-8-validate": {
                    "optional": true
                }
            }
        }
    }
}
